// !$*UTF8*$!
{
	archiveVersion = 1;
	classes = {
	};
	objectVersion = 50;
	objects = {

/* Begin PBXBuildFile section */
		824BFA132457309900405B78 /* AppDelegate.swift in Sources */ = {isa = PBXBuildFile; fileRef = 824BFA122457309900405B78 /* AppDelegate.swift */; };
		824BFA152457309900405B78 /* SceneDelegate.swift in Sources */ = {isa = PBXBuildFile; fileRef = 824BFA142457309900405B78 /* SceneDelegate.swift */; };
		824BFA1A2457309900405B78 /* Main.storyboard in Resources */ = {isa = PBXBuildFile; fileRef = 824BFA182457309900405B78 /* Main.storyboard */; };
		824BFA1D2457309900405B78 /* ParentChildCoreDataTest.xcdatamodeld in Sources */ = {isa = PBXBuildFile; fileRef = 824BFA1B2457309900405B78 /* ParentChildCoreDataTest.xcdatamodeld */; };
		824BFA1F2457309900405B78 /* Assets.xcassets in Resources */ = {isa = PBXBuildFile; fileRef = 824BFA1E2457309900405B78 /* Assets.xcassets */; };
		824BFA222457309900405B78 /* LaunchScreen.storyboard in Resources */ = {isa = PBXBuildFile; fileRef = 824BFA202457309900405B78 /* LaunchScreen.storyboard */; };
		824BFA2E245730AB00405B78 /* Child.swift in Sources */ = {isa = PBXBuildFile; fileRef = 824BFA2A245730AB00405B78 /* Child.swift */; };
		824BFA2F245730AB00405B78 /* Parent.swift in Sources */ = {isa = PBXBuildFile; fileRef = 824BFA2B245730AB00405B78 /* Parent.swift */; };
		824BFA30245730AB00405B78 /* CoreDataUpdateTest.xcdatamodeld in Sources */ = {isa = PBXBuildFile; fileRef = 824BFA2C245730AB00405B78 /* CoreDataUpdateTest.xcdatamodeld */; };
		82ACCA5D2457315F00E9E571 /* TestViewController.swift in Sources */ = {isa = PBXBuildFile; fileRef = 82ACCA5C2457315F00E9E571 /* TestViewController.swift */; };
/* End PBXBuildFile section */

/* Begin PBXFileReference section */
		824BFA0F2457309900405B78 /* ParentChildCoreDataTest.app */ = {isa = PBXFileReference; explicitFileType = wrapper.application; includeInIndex = 0; path = ParentChildCoreDataTest.app; sourceTree = BUILT_PRODUCTS_DIR; };
		824BFA122457309900405B78 /* AppDelegate.swift */ = {isa = PBXFileReference; lastKnownFileType = sourcecode.swift; path = AppDelegate.swift; sourceTree = "<group>"; };
		824BFA142457309900405B78 /* SceneDelegate.swift */ = {isa = PBXFileReference; lastKnownFileType = sourcecode.swift; path = SceneDelegate.swift; sourceTree = "<group>"; };
		824BFA192457309900405B78 /* Base */ = {isa = PBXFileReference; lastKnownFileType = file.storyboard; name = Base; path = Base.lproj/Main.storyboard; sourceTree = "<group>"; };
		824BFA1C2457309900405B78 /* ParentChildCoreDataTest.xcdatamodel */ = {isa = PBXFileReference; lastKnownFileType = wrapper.xcdatamodel; path = ParentChildCoreDataTest.xcdatamodel; sourceTree = "<group>"; };
		824BFA1E2457309900405B78 /* Assets.xcassets */ = {isa = PBXFileReference; lastKnownFileType = folder.assetcatalog; path = Assets.xcassets; sourceTree = "<group>"; };
		824BFA212457309900405B78 /* Base */ = {isa = PBXFileReference; lastKnownFileType = file.storyboard; name = Base; path = Base.lproj/LaunchScreen.storyboard; sourceTree = "<group>"; };
		824BFA232457309900405B78 /* Info.plist */ = {isa = PBXFileReference; lastKnownFileType = text.plist.xml; path = Info.plist; sourceTree = "<group>"; };
		824BFA2A245730AB00405B78 /* Child.swift */ = {isa = PBXFileReference; fileEncoding = 4; lastKnownFileType = sourcecode.swift; path = Child.swift; sourceTree = "<group>"; };
		824BFA2B245730AB00405B78 /* Parent.swift */ = {isa = PBXFileReference; fileEncoding = 4; lastKnownFileType = sourcecode.swift; path = Parent.swift; sourceTree = "<group>"; };
		824BFA2D245730AB00405B78 /* CoreDataUpdateTest.xcdatamodel */ = {isa = PBXFileReference; lastKnownFileType = wrapper.xcdatamodel; path = CoreDataUpdateTest.xcdatamodel; sourceTree = "<group>"; };
		82ACCA5C2457315F00E9E571 /* TestViewController.swift */ = {isa = PBXFileReference; lastKnownFileType = sourcecode.swift; path = TestViewController.swift; sourceTree = "<group>"; };
/* End PBXFileReference section */

/* Begin PBXFrameworksBuildPhase section */
		824BFA0C2457309900405B78 /* Frameworks */ = {
			isa = PBXFrameworksBuildPhase;
			buildActionMask = 2147483647;
			files = (
			);
			runOnlyForDeploymentPostprocessing = 0;
		};
/* End PBXFrameworksBuildPhase section */

/* Begin PBXGroup section */
		824BFA062457309900405B78 = {
			isa = PBXGroup;
			children = (
				824BFA112457309900405B78 /* ParentChildCoreDataTest */,
				824BFA102457309900405B78 /* Products */,
			);
			sourceTree = "<group>";
		};
		824BFA102457309900405B78 /* Products */ = {
			isa = PBXGroup;
			children = (
				824BFA0F2457309900405B78 /* ParentChildCoreDataTest.app */,
			);
			name = Products;
			sourceTree = "<group>";
		};
		824BFA112457309900405B78 /* ParentChildCoreDataTest */ = {
			isa = PBXGroup;
			children = (
				82ACCA5B2457314700E9E571 /* Interface */,
				824BFA29245730AB00405B78 /* Model */,
				824BFA122457309900405B78 /* AppDelegate.swift */,
				824BFA142457309900405B78 /* SceneDelegate.swift */,
				824BFA1E2457309900405B78 /* Assets.xcassets */,
				824BFA202457309900405B78 /* LaunchScreen.storyboard */,
				824BFA232457309900405B78 /* Info.plist */,
				824BFA1B2457309900405B78 /* ParentChildCoreDataTest.xcdatamodeld */,
			);
			path = ParentChildCoreDataTest;
			sourceTree = "<group>";
		};
		824BFA29245730AB00405B78 /* Model */ = {
			isa = PBXGroup;
			children = (
				824BFA2A245730AB00405B78 /* Child.swift */,
				824BFA2B245730AB00405B78 /* Parent.swift */,
				824BFA2C245730AB00405B78 /* CoreDataUpdateTest.xcdatamodeld */,
			);
			path = Model;
			sourceTree = "<group>";
		};
		82ACCA5B2457314700E9E571 /* Interface */ = {
			isa = PBXGroup;
			children = (
				824BFA182457309900405B78 /* Main.storyboard */,
				82ACCA5C2457315F00E9E571 /* TestViewController.swift */,
			);
			path = Interface;
			sourceTree = "<group>";
		};
/* End PBXGroup section */

/* Begin PBXNativeTarget section */
		824BFA0E2457309900405B78 /* ParentChildCoreDataTest */ = {
			isa = PBXNativeTarget;
			buildConfigurationList = 824BFA262457309900405B78 /* Build configuration list for PBXNativeTarget "ParentChildCoreDataTest" */;
			buildPhases = (
				824BFA0B2457309900405B78 /* Sources */,
				824BFA0C2457309900405B78 /* Frameworks */,
				824BFA0D2457309900405B78 /* Resources */,
			);
			buildRules = (
			);
			dependencies = (
			);
			name = ParentChildCoreDataTest;
			productName = ParentChildCoreDataTest;
			productReference = 824BFA0F2457309900405B78 /* ParentChildCoreDataTest.app */;
			productType = "com.apple.product-type.application";
		};
/* End PBXNativeTarget section */

/* Begin PBXProject section */
		824BFA072457309900405B78 /* Project object */ = {
			isa = PBXProject;
			attributes = {
				LastSwiftUpdateCheck = 1140;
				LastUpgradeCheck = 1140;
				ORGANIZATIONNAME = "nxtbgthng GmbH";
				TargetAttributes = {
					824BFA0E2457309900405B78 = {
						CreatedOnToolsVersion = 11.4.1;
					};
				};
			};
			buildConfigurationList = 824BFA0A2457309900405B78 /* Build configuration list for PBXProject "ParentChildCoreDataTest" */;
			compatibilityVersion = "Xcode 9.3";
			developmentRegion = en;
			hasScannedForEncodings = 0;
			knownRegions = (
				en,
				Base,
			);
			mainGroup = 824BFA062457309900405B78;
			productRefGroup = 824BFA102457309900405B78 /* Products */;
			projectDirPath = "";
			projectRoot = "";
			targets = (
				824BFA0E2457309900405B78 /* ParentChildCoreDataTest */,
			);
		};
/* End PBXProject section */

/* Begin PBXResourcesBuildPhase section */
		824BFA0D2457309900405B78 /* Resources */ = {
			isa = PBXResourcesBuildPhase;
			buildActionMask = 2147483647;
			files = (
				824BFA222457309900405B78 /* LaunchScreen.storyboard in Resources */,
				824BFA1F2457309900405B78 /* Assets.xcassets in Resources */,
				824BFA1A2457309900405B78 /* Main.storyboard in Resources */,
			);
			runOnlyForDeploymentPostprocessing = 0;
		};
/* End PBXResourcesBuildPhase section */

/* Begin PBXSourcesBuildPhase section */
		824BFA0B2457309900405B78 /* Sources */ = {
			isa = PBXSourcesBuildPhase;
			buildActionMask = 2147483647;
			files = (
				824BFA1D2457309900405B78 /* ParentChildCoreDataTest.xcdatamodeld in Sources */,
				82ACCA5D2457315F00E9E571 /* TestViewController.swift in Sources */,
				824BFA30245730AB00405B78 /* CoreDataUpdateTest.xcdatamodeld in Sources */,
				824BFA132457309900405B78 /* AppDelegate.swift in Sources */,
				824BFA2E245730AB00405B78 /* Child.swift in Sources */,
				824BFA152457309900405B78 /* SceneDelegate.swift in Sources */,
				824BFA2F245730AB00405B78 /* Parent.swift in Sources */,
			);
			runOnlyForDeploymentPostprocessing = 0;
		};
/* End PBXSourcesBuildPhase section */

/* Begin PBXVariantGroup section */
		824BFA182457309900405B78 /* Main.storyboard */ = {
			isa = PBXVariantGroup;
			children = (
				824BFA192457309900405B78 /* Base */,
			);
			name = Main.storyboard;
			sourceTree = "<group>";
		};
		824BFA202457309900405B78 /* LaunchScreen.storyboard */ = {
			isa = PBXVariantGroup;
			children = (
				824BFA212457309900405B78 /* Base */,
			);
			name = LaunchScreen.storyboard;
			sourceTree = "<group>";
		};
/* End PBXVariantGroup section */

/* Begin XCBuildConfiguration section */
		824BFA242457309900405B78 /* Debug */ = {
			isa = XCBuildConfiguration;
			buildSettings = {
				ALWAYS_SEARCH_USER_PATHS = NO;
				CLANG_ANALYZER_NONNULL = YES;
				CLANG_ANALYZER_NUMBER_OBJECT_CONVERSION = YES_AGGRESSIVE;
				CLANG_CXX_LANGUAGE_STANDARD = "gnu++14";
				CLANG_CXX_LIBRARY = "libc++";
				CLANG_ENABLE_MODULES = YES;
				CLANG_ENABLE_OBJC_ARC = YES;
				CLANG_ENABLE_OBJC_WEAK = YES;
				CLANG_WARN_BLOCK_CAPTURE_AUTORELEASING = YES;
				CLANG_WARN_BOOL_CONVERSION = YES;
				CLANG_WARN_COMMA = YES;
				CLANG_WARN_CONSTANT_CONVERSION = YES;
				CLANG_WARN_DEPRECATED_OBJC_IMPLEMENTATIONS = YES;
				CLANG_WARN_DIRECT_OBJC_ISA_USAGE = YES_ERROR;
				CLANG_WARN_DOCUMENTATION_COMMENTS = YES;
				CLANG_WARN_EMPTY_BODY = YES;
				CLANG_WARN_ENUM_CONVERSION = YES;
				CLANG_WARN_INFINITE_RECURSION = YES;
				CLANG_WARN_INT_CONVERSION = YES;
				CLANG_WARN_NON_LITERAL_NULL_CONVERSION = YES;
				CLANG_WARN_OBJC_IMPLICIT_RETAIN_SELF = YES;
				CLANG_WARN_OBJC_LITERAL_CONVERSION = YES;
				CLANG_WARN_OBJC_ROOT_CLASS = YES_ERROR;
				CLANG_WARN_RANGE_LOOP_ANALYSIS = YES;
				CLANG_WARN_STRICT_PROTOTYPES = YES;
				CLANG_WARN_SUSPICIOUS_MOVE = YES;
				CLANG_WARN_UNGUARDED_AVAILABILITY = YES_AGGRESSIVE;
				CLANG_WARN_UNREACHABLE_CODE = YES;
				CLANG_WARN__DUPLICATE_METHOD_MATCH = YES;
				COPY_PHASE_STRIP = NO;
				DEBUG_INFORMATION_FORMAT = dwarf;
				ENABLE_STRICT_OBJC_MSGSEND = YES;
				ENABLE_TESTABILITY = YES;
				GCC_C_LANGUAGE_STANDARD = gnu11;
				GCC_DYNAMIC_NO_PIC = NO;
				GCC_NO_COMMON_BLOCKS = YES;
				GCC_OPTIMIZATION_LEVEL = 0;
				GCC_PREPROCESSOR_DEFINITIONS = (
					"DEBUG=1",
					"$(inherited)",
				);
				GCC_WARN_64_TO_32_BIT_CONVERSION = YES;
				GCC_WARN_ABOUT_RETURN_TYPE = YES_ERROR;
				GCC_WARN_UNDECLARED_SELECTOR = YES;
				GCC_WARN_UNINITIALIZED_AUTOS = YES_AGGRESSIVE;
				GCC_WARN_UNUSED_FUNCTION = YES;
				GCC_WARN_UNUSED_VARIABLE = YES;
				IPHONEOS_DEPLOYMENT_TARGET = 13.4;
				MTL_ENABLE_DEBUG_INFO = INCLUDE_SOURCE;
				MTL_FAST_MATH = YES;
				ONLY_ACTIVE_ARCH = YES;
				SDKROOT = iphoneos;
				SWIFT_ACTIVE_COMPILATION_CONDITIONS = DEBUG;
				SWIFT_OPTIMIZATION_LEVEL = "-Onone";
			};
			name = Debug;
		};
		824BFA252457309900405B78 /* Release */ = {
			isa = XCBuildConfiguration;
			buildSettings = {
				ALWAYS_SEARCH_USER_PATHS = NO;
				CLANG_ANALYZER_NONNULL = YES;
				CLANG_ANALYZER_NUMBER_OBJECT_CONVERSION = YES_AGGRESSIVE;
				CLANG_CXX_LANGUAGE_STANDARD = "gnu++14";
				CLANG_CXX_LIBRARY = "libc++";
				CLANG_ENABLE_MODULES = YES;
				CLANG_ENABLE_OBJC_ARC = YES;
				CLANG_ENABLE_OBJC_WEAK = YES;
				CLANG_WARN_BLOCK_CAPTURE_AUTORELEASING = YES;
				CLANG_WARN_BOOL_CONVERSION = YES;
				CLANG_WARN_COMMA = YES;
				CLANG_WARN_CONSTANT_CONVERSION = YES;
				CLANG_WARN_DEPRECATED_OBJC_IMPLEMENTATIONS = YES;
				CLANG_WARN_DIRECT_OBJC_ISA_USAGE = YES_ERROR;
				CLANG_WARN_DOCUMENTATION_COMMENTS = YES;
				CLANG_WARN_EMPTY_BODY = YES;
				CLANG_WARN_ENUM_CONVERSION = YES;
				CLANG_WARN_INFINITE_RECURSION = YES;
				CLANG_WARN_INT_CONVERSION = YES;
				CLANG_WARN_NON_LITERAL_NULL_CONVERSION = YES;
				CLANG_WARN_OBJC_IMPLICIT_RETAIN_SELF = YES;
				CLANG_WARN_OBJC_LITERAL_CONVERSION = YES;
				CLANG_WARN_OBJC_ROOT_CLASS = YES_ERROR;
				CLANG_WARN_RANGE_LOOP_ANALYSIS = YES;
				CLANG_WARN_STRICT_PROTOTYPES = YES;
				CLANG_WARN_SUSPICIOUS_MOVE = YES;
				CLANG_WARN_UNGUARDED_AVAILABILITY = YES_AGGRESSIVE;
				CLANG_WARN_UNREACHABLE_CODE = YES;
				CLANG_WARN__DUPLICATE_METHOD_MATCH = YES;
				COPY_PHASE_STRIP = NO;
				DEBUG_INFORMATION_FORMAT = "dwarf-with-dsym";
				ENABLE_NS_ASSERTIONS = NO;
				ENABLE_STRICT_OBJC_MSGSEND = YES;
				GCC_C_LANGUAGE_STANDARD = gnu11;
				GCC_NO_COMMON_BLOCKS = YES;
				GCC_WARN_64_TO_32_BIT_CONVERSION = YES;
				GCC_WARN_ABOUT_RETURN_TYPE = YES_ERROR;
				GCC_WARN_UNDECLARED_SELECTOR = YES;
				GCC_WARN_UNINITIALIZED_AUTOS = YES_AGGRESSIVE;
				GCC_WARN_UNUSED_FUNCTION = YES;
				GCC_WARN_UNUSED_VARIABLE = YES;
				IPHONEOS_DEPLOYMENT_TARGET = 13.4;
				MTL_ENABLE_DEBUG_INFO = NO;
				MTL_FAST_MATH = YES;
				SDKROOT = iphoneos;
				SWIFT_COMPILATION_MODE = wholemodule;
				SWIFT_OPTIMIZATION_LEVEL = "-O";
				VALIDATE_PRODUCT = YES;
			};
			name = Release;
		};
		824BFA272457309900405B78 /* Debug */ = {
			isa = XCBuildConfiguration;
			buildSettings = {
				ASSETCATALOG_COMPILER_APPICON_NAME = AppIcon;
				CODE_SIGN_STYLE = Automatic;
				DEVELOPMENT_TEAM = KC485BAJHZ;
				INFOPLIST_FILE = ParentChildCoreDataTest/Info.plist;
				LD_RUNPATH_SEARCH_PATHS = (
					"$(inherited)",
					"@executable_path/Frameworks",
				);
				PRODUCT_BUNDLE_IDENTIFIER = com.nxtbgthng.ParentChildCoreDataTest;
				PRODUCT_NAME = "$(TARGET_NAME)";
				SWIFT_VERSION = 5.0;
				TARGETED_DEVICE_FAMILY = "1,2";
			};
			name = Debug;
		};
		824BFA282457309900405B78 /* Release */ = {
			isa = XCBuildConfiguration;
			buildSettings = {
				ASSETCATALOG_COMPILER_APPICON_NAME = AppIcon;
				CODE_SIGN_STYLE = Automatic;
				DEVELOPMENT_TEAM = KC485BAJHZ;
				INFOPLIST_FILE = ParentChildCoreDataTest/Info.plist;
				LD_RUNPATH_SEARCH_PATHS = (
					"$(inherited)",
					"@executable_path/Frameworks",
				);
				PRODUCT_BUNDLE_IDENTIFIER = com.nxtbgthng.ParentChildCoreDataTest;
				PRODUCT_NAME = "$(TARGET_NAME)";
				SWIFT_VERSION = 5.0;
				TARGETED_DEVICE_FAMILY = "1,2";
			};
			name = Release;
		};
/* End XCBuildConfiguration section */

/* Begin XCConfigurationList section */
		824BFA0A2457309900405B78 /* Build configuration list for PBXProject "ParentChildCoreDataTest" */ = {
			isa = XCConfigurationList;
			buildConfigurations = (
				824BFA242457309900405B78 /* Debug */,
				824BFA252457309900405B78 /* Release */,
			);
			defaultConfigurationIsVisible = 0;
			defaultConfigurationName = Release;
		};
		824BFA262457309900405B78 /* Build configuration list for PBXNativeTarget "ParentChildCoreDataTest" */ = {
			isa = XCConfigurationList;
			buildConfigurations = (
				824BFA272457309900405B78 /* Debug */,
				824BFA282457309900405B78 /* Release */,
			);
			defaultConfigurationIsVisible = 0;
			defaultConfigurationName = Release;
		};
/* End XCConfigurationList section */

/* Begin XCVersionGroup section */
		824BFA1B2457309900405B78 /* ParentChildCoreDataTest.xcdatamodeld */ = {
			isa = XCVersionGroup;
			children = (
				824BFA1C2457309900405B78 /* ParentChildCoreDataTest.xcdatamodel */,
			);
			currentVersion = 824BFA1C2457309900405B78 /* ParentChildCoreDataTest.xcdatamodel */;
			path = ParentChildCoreDataTest.xcdatamodeld;
			sourceTree = "<group>";
			versionGroupType = wrapper.xcdatamodel;
		};
		824BFA2C245730AB00405B78 /* CoreDataUpdateTest.xcdatamodeld */ = {
			isa = XCVersionGroup;
			children = (
				824BFA2D245730AB00405B78 /* CoreDataUpdateTest.xcdatamodel */,
			);
			currentVersion = 824BFA2D245730AB00405B78 /* CoreDataUpdateTest.xcdatamodel */;
			path = CoreDataUpdateTest.xcdatamodeld;
			sourceTree = "<group>";
			versionGroupType = wrapper.xcdatamodel;
		};
/* End XCVersionGroup section */
	};
	rootObject = 824BFA072457309900405B78 /* Project object */;
}
